
Microsoft Visual Studio Solution File, Format Version 12.00
# Visual Studio 15
VisualStudioVersion = 15.0.26124.0
MinimumVisualStudioVersion = 15.0.26124.0
Project("{FAE04EC0-301F-11D3-BF4B-00C04F79EFBC}") = "Repository.SQL", "Repository.SQL\Repository.SQL.csproj", "{A2EA8E5D-8C8B-4AF1-B5FE-AD8CBE37CC64}"
EndProject
Project("{FAE04EC0-301F-11D3-BF4B-00C04F79EFBC}") = "Repository.RabbitMQ", "Repository.RabbitMQ\Repository.RabbitMQ.csproj", "{F530A32A-8152-402F-BF2B-81CC6ED6C21C}"
EndProject
Project("{FAE04EC0-301F-11D3-BF4B-00C04F79EFBC}") = "WebApi", "webapi\WebApi.csproj", "{46DD4553-47F1-4AAC-BFB1-DB8AA9470093}"
EndProject
Project("{FAE04EC0-301F-11D3-BF4B-00C04F79EFBC}") = "Domain", "Domain\Domain.csproj", "{841BC697-7117-41DB-8F30-FC04ECA818F6}"
EndProject
Project("{FAE04EC0-301F-11D3-BF4B-00C04F79EFBC}") = "DbMigration", "DbMigration\DbMigration.csproj", "{35A9CD39-0141-49ED-89EC-AAEC65BBBD15}"
EndProject
Global
	GlobalSection(SolutionConfigurationPlatforms) = preSolution
		Debug|Any CPU = Debug|Any CPU
		Debug|x64 = Debug|x64
		Debug|x86 = Debug|x86
		Release|Any CPU = Release|Any CPU
		Release|x64 = Release|x64
		Release|x86 = Release|x86
	EndGlobalSection
	GlobalSection(SolutionProperties) = preSolution
		HideSolutionNode = FALSE
	EndGlobalSection
	GlobalSection(ProjectConfigurationPlatforms) = postSolution
		{A2EA8E5D-8C8B-4AF1-B5FE-AD8CBE37CC64}.Debug|Any CPU.ActiveCfg = Debug|Any CPU
		{A2EA8E5D-8C8B-4AF1-B5FE-AD8CBE37CC64}.Debug|Any CPU.Build.0 = Debug|Any CPU
		{A2EA8E5D-8C8B-4AF1-B5FE-AD8CBE37CC64}.Debug|x64.ActiveCfg = Debug|Any CPU
		{A2EA8E5D-8C8B-4AF1-B5FE-AD8CBE37CC64}.Debug|x64.Build.0 = Debug|Any CPU
		{A2EA8E5D-8C8B-4AF1-B5FE-AD8CBE37CC64}.Debug|x86.ActiveCfg = Debug|Any CPU
		{A2EA8E5D-8C8B-4AF1-B5FE-AD8CBE37CC64}.Debug|x86.Build.0 = Debug|Any CPU
		{A2EA8E5D-8C8B-4AF1-B5FE-AD8CBE37CC64}.Release|Any CPU.ActiveCfg = Release|Any CPU
		{A2EA8E5D-8C8B-4AF1-B5FE-AD8CBE37CC64}.Release|Any CPU.Build.0 = Release|Any CPU
		{A2EA8E5D-8C8B-4AF1-B5FE-AD8CBE37CC64}.Release|x64.ActiveCfg = Release|Any CPU
		{A2EA8E5D-8C8B-4AF1-B5FE-AD8CBE37CC64}.Release|x64.Build.0 = Release|Any CPU
		{A2EA8E5D-8C8B-4AF1-B5FE-AD8CBE37CC64}.Release|x86.ActiveCfg = Release|Any CPU
		{A2EA8E5D-8C8B-4AF1-B5FE-AD8CBE37CC64}.Release|x86.Build.0 = Release|Any CPU
		{F530A32A-8152-402F-BF2B-81CC6ED6C21C}.Debug|Any CPU.ActiveCfg = Debug|Any CPU
		{F530A32A-8152-402F-BF2B-81CC6ED6C21C}.Debug|Any CPU.Build.0 = Debug|Any CPU
		{F530A32A-8152-402F-BF2B-81CC6ED6C21C}.Debug|x64.ActiveCfg = Debug|Any CPU
		{F530A32A-8152-402F-BF2B-81CC6ED6C21C}.Debug|x64.Build.0 = Debug|Any CPU
		{F530A32A-8152-402F-BF2B-81CC6ED6C21C}.Debug|x86.ActiveCfg = Debug|Any CPU
		{F530A32A-8152-402F-BF2B-81CC6ED6C21C}.Debug|x86.Build.0 = Debug|Any CPU
		{F530A32A-8152-402F-BF2B-81CC6ED6C21C}.Release|Any CPU.ActiveCfg = Release|Any CPU
		{F530A32A-8152-402F-BF2B-81CC6ED6C21C}.Release|Any CPU.Build.0 = Release|Any CPU
		{F530A32A-8152-402F-BF2B-81CC6ED6C21C}.Release|x64.ActiveCfg = Release|Any CPU
		{F530A32A-8152-402F-BF2B-81CC6ED6C21C}.Release|x64.Build.0 = Release|Any CPU
		{F530A32A-8152-402F-BF2B-81CC6ED6C21C}.Release|x86.ActiveCfg = Release|Any CPU
		{F530A32A-8152-402F-BF2B-81CC6ED6C21C}.Release|x86.Build.0 = Release|Any CPU
		{46DD4553-47F1-4AAC-BFB1-DB8AA9470093}.Debug|Any CPU.ActiveCfg = Debug|Any CPU
		{46DD4553-47F1-4AAC-BFB1-DB8AA9470093}.Debug|Any CPU.Build.0 = Debug|Any CPU
		{46DD4553-47F1-4AAC-BFB1-DB8AA9470093}.Debug|x64.ActiveCfg = Debug|Any CPU
		{46DD4553-47F1-4AAC-BFB1-DB8AA9470093}.Debug|x64.Build.0 = Debug|Any CPU
		{46DD4553-47F1-4AAC-BFB1-DB8AA9470093}.Debug|x86.ActiveCfg = Debug|Any CPU
		{46DD4553-47F1-4AAC-BFB1-DB8AA9470093}.Debug|x86.Build.0 = Debug|Any CPU
		{46DD4553-47F1-4AAC-BFB1-DB8AA9470093}.Release|Any CPU.ActiveCfg = Release|Any CPU
		{46DD4553-47F1-4AAC-BFB1-DB8AA9470093}.Release|Any CPU.Build.0 = Release|Any CPU
		{46DD4553-47F1-4AAC-BFB1-DB8AA9470093}.Release|x64.ActiveCfg = Release|Any CPU
		{46DD4553-47F1-4AAC-BFB1-DB8AA9470093}.Release|x64.Build.0 = Release|Any CPU
		{46DD4553-47F1-4AAC-BFB1-DB8AA9470093}.Release|x86.ActiveCfg = Release|Any CPU
		{46DD4553-47F1-4AAC-BFB1-DB8AA9470093}.Release|x86.Build.0 = Release|Any CPU
		{841BC697-7117-41DB-8F30-FC04ECA818F6}.Debug|Any CPU.ActiveCfg = Debug|Any CPU
		{841BC697-7117-41DB-8F30-FC04ECA818F6}.Debug|Any CPU.Build.0 = Debug|Any CPU
		{841BC697-7117-41DB-8F30-FC04ECA818F6}.Debug|x64.ActiveCfg = Debug|Any CPU
		{841BC697-7117-41DB-8F30-FC04ECA818F6}.Debug|x64.Build.0 = Debug|Any CPU
		{841BC697-7117-41DB-8F30-FC04ECA818F6}.Debug|x86.ActiveCfg = Debug|Any CPU
		{841BC697-7117-41DB-8F30-FC04ECA818F6}.Debug|x86.Build.0 = Debug|Any CPU
		{841BC697-7117-41DB-8F30-FC04ECA818F6}.Release|Any CPU.ActiveCfg = Release|Any CPU
		{841BC697-7117-41DB-8F30-FC04ECA818F6}.Release|Any CPU.Build.0 = Release|Any CPU
		{841BC697-7117-41DB-8F30-FC04ECA818F6}.Release|x64.ActiveCfg = Release|Any CPU
		{841BC697-7117-41DB-8F30-FC04ECA818F6}.Release|x64.Build.0 = Release|Any CPU
		{841BC697-7117-41DB-8F30-FC04ECA818F6}.Release|x86.ActiveCfg = Release|Any CPU
		{841BC697-7117-41DB-8F30-FC04ECA818F6}.Release|x86.Build.0 = Release|Any CPU
		{35A9CD39-0141-49ED-89EC-AAEC65BBBD15}.Debug|Any CPU.ActiveCfg = Debug|Any CPU
		{35A9CD39-0141-49ED-89EC-AAEC65BBBD15}.Debug|Any CPU.Build.0 = Debug|Any CPU
		{35A9CD39-0141-49ED-89EC-AAEC65BBBD15}.Debug|x64.ActiveCfg = Debug|Any CPU
		{35A9CD39-0141-49ED-89EC-AAEC65BBBD15}.Debug|x64.Build.0 = Debug|Any CPU
		{35A9CD39-0141-49ED-89EC-AAEC65BBBD15}.Debug|x86.ActiveCfg = Debug|Any CPU
		{35A9CD39-0141-49ED-89EC-AAEC65BBBD15}.Debug|x86.Build.0 = Debug|Any CPU
		{35A9CD39-0141-49ED-89EC-AAEC65BBBD15}.Release|Any CPU.ActiveCfg = Release|Any CPU
		{35A9CD39-0141-49ED-89EC-AAEC65BBBD15}.Release|Any CPU.Build.0 = Release|Any CPU
		{35A9CD39-0141-49ED-89EC-AAEC65BBBD15}.Release|x64.ActiveCfg = Release|Any CPU
		{35A9CD39-0141-49ED-89EC-AAEC65BBBD15}.Release|x64.Build.0 = Release|Any CPU
		{35A9CD39-0141-49ED-89EC-AAEC65BBBD15}.Release|x86.ActiveCfg = Release|Any CPU
		{35A9CD39-0141-49ED-89EC-AAEC65BBBD15}.Release|x86.Build.0 = Release|Any CPU
	EndGlobalSection
EndGlobal
