
Microsoft Visual Studio Solution File, Format Version 12.00
# Visual Studio Version 16
VisualStudioVersion = 16.0.31005.135
MinimumVisualStudioVersion = 15.0.26124.0
Project("{9A19103F-16F7-4668-BE54-9A1E7A4F7556}") = "Repository.SQL", "Repository.SQL\Repository.SQL.csproj", "{A2EA8E5D-8C8B-4AF1-B5FE-AD8CBE37CC64}"
EndProject
Project("{9A19103F-16F7-4668-BE54-9A1E7A4F7556}") = "WebApi", "webapi\WebApi.csproj", "{46DD4553-47F1-4AAC-BFB1-DB8AA9470093}"
EndProject
Project("{9A19103F-16F7-4668-BE54-9A1E7A4F7556}") = "Domain", "Domain\Domain.csproj", "{841BC697-7117-41DB-8F30-FC04ECA818F6}"
EndProject
Project("{9A19103F-16F7-4668-BE54-9A1E7A4F7556}") = "DbMigration", "DbMigration\DbMigration.csproj", "{35A9CD39-0141-49ED-89EC-AAEC65BBBD15}"
EndProject
Project("{2150E333-8FDC-42A3-9474-1A3956D46DE8}") = "01-API", "01-API", "{93A70DE0-6882-471C-8C53-3E676C6D2224}"
EndProject
Project("{2150E333-8FDC-42A3-9474-1A3956D46DE8}") = "02-Domain", "02-Domain", "{DCA17198-9867-4441-A6A3-C4068B7D4E0B}"
EndProject
Project("{2150E333-8FDC-42A3-9474-1A3956D46DE8}") = "03-Infra", "03-Infra", "{FF697B1B-D24B-46AA-91A4-F510CF3BBB57}"
EndProject
Project("{9A19103F-16F7-4668-BE54-9A1E7A4F7556}") = "Repository.Cache.Redis", "Repository.Cache.Redis\Repository.Cache.Redis.csproj", "{CE3F2507-679F-4C52-BA1C-8270AF721C0C}"
EndProject
Global
	GlobalSection(SolutionConfigurationPlatforms) = preSolution
		Debug|Any CPU = Debug|Any CPU
		Debug|x64 = Debug|x64
		Debug|x86 = Debug|x86
		Release|Any CPU = Release|Any CPU
		Release|x64 = Release|x64
		Release|x86 = Release|x86
	EndGlobalSection
	GlobalSection(ProjectConfigurationPlatforms) = postSolution
		{A2EA8E5D-8C8B-4AF1-B5FE-AD8CBE37CC64}.Debug|Any CPU.ActiveCfg = Debug|Any CPU
		{A2EA8E5D-8C8B-4AF1-B5FE-AD8CBE37CC64}.Debug|Any CPU.Build.0 = Debug|Any CPU
		{A2EA8E5D-8C8B-4AF1-B5FE-AD8CBE37CC64}.Debug|x64.ActiveCfg = Debug|Any CPU
		{A2EA8E5D-8C8B-4AF1-B5FE-AD8CBE37CC64}.Debug|x64.Build.0 = Debug|Any CPU
		{A2EA8E5D-8C8B-4AF1-B5FE-AD8CBE37CC64}.Debug|x86.ActiveCfg = Debug|Any CPU
		{A2EA8E5D-8C8B-4AF1-B5FE-AD8CBE37CC64}.Debug|x86.Build.0 = Debug|Any CPU
		{A2EA8E5D-8C8B-4AF1-B5FE-AD8CBE37CC64}.Release|Any CPU.ActiveCfg = Release|Any CPU
		{A2EA8E5D-8C8B-4AF1-B5FE-AD8CBE37CC64}.Release|Any CPU.Build.0 = Release|Any CPU
		{A2EA8E5D-8C8B-4AF1-B5FE-AD8CBE37CC64}.Release|x64.ActiveCfg = Release|Any CPU
		{A2EA8E5D-8C8B-4AF1-B5FE-AD8CBE37CC64}.Release|x64.Build.0 = Release|Any CPU
		{A2EA8E5D-8C8B-4AF1-B5FE-AD8CBE37CC64}.Release|x86.ActiveCfg = Release|Any CPU
		{A2EA8E5D-8C8B-4AF1-B5FE-AD8CBE37CC64}.Release|x86.Build.0 = Release|Any CPU
		{46DD4553-47F1-4AAC-BFB1-DB8AA9470093}.Debug|Any CPU.ActiveCfg = Debug|Any CPU
		{46DD4553-47F1-4AAC-BFB1-DB8AA9470093}.Debug|Any CPU.Build.0 = Debug|Any CPU
		{46DD4553-47F1-4AAC-BFB1-DB8AA9470093}.Debug|x64.ActiveCfg = Debug|Any CPU
		{46DD4553-47F1-4AAC-BFB1-DB8AA9470093}.Debug|x64.Build.0 = Debug|Any CPU
		{46DD4553-47F1-4AAC-BFB1-DB8AA9470093}.Debug|x86.ActiveCfg = Debug|Any CPU
		{46DD4553-47F1-4AAC-BFB1-DB8AA9470093}.Debug|x86.Build.0 = Debug|Any CPU
		{46DD4553-47F1-4AAC-BFB1-DB8AA9470093}.Release|Any CPU.ActiveCfg = Release|Any CPU
		{46DD4553-47F1-4AAC-BFB1-DB8AA9470093}.Release|Any CPU.Build.0 = Release|Any CPU
		{46DD4553-47F1-4AAC-BFB1-DB8AA9470093}.Release|x64.ActiveCfg = Release|Any CPU
		{46DD4553-47F1-4AAC-BFB1-DB8AA9470093}.Release|x64.Build.0 = Release|Any CPU
		{46DD4553-47F1-4AAC-BFB1-DB8AA9470093}.Release|x86.ActiveCfg = Release|Any CPU
		{46DD4553-47F1-4AAC-BFB1-DB8AA9470093}.Release|x86.Build.0 = Release|Any CPU
		{841BC697-7117-41DB-8F30-FC04ECA818F6}.Debug|Any CPU.ActiveCfg = Debug|Any CPU
		{841BC697-7117-41DB-8F30-FC04ECA818F6}.Debug|Any CPU.Build.0 = Debug|Any CPU
		{841BC697-7117-41DB-8F30-FC04ECA818F6}.Debug|x64.ActiveCfg = Debug|Any CPU
		{841BC697-7117-41DB-8F30-FC04ECA818F6}.Debug|x64.Build.0 = Debug|Any CPU
		{841BC697-7117-41DB-8F30-FC04ECA818F6}.Debug|x86.ActiveCfg = Debug|Any CPU
		{841BC697-7117-41DB-8F30-FC04ECA818F6}.Debug|x86.Build.0 = Debug|Any CPU
		{841BC697-7117-41DB-8F30-FC04ECA818F6}.Release|Any CPU.ActiveCfg = Release|Any CPU
		{841BC697-7117-41DB-8F30-FC04ECA818F6}.Release|Any CPU.Build.0 = Release|Any CPU
		{841BC697-7117-41DB-8F30-FC04ECA818F6}.Release|x64.ActiveCfg = Release|Any CPU
		{841BC697-7117-41DB-8F30-FC04ECA818F6}.Release|x64.Build.0 = Release|Any CPU
		{841BC697-7117-41DB-8F30-FC04ECA818F6}.Release|x86.ActiveCfg = Release|Any CPU
		{841BC697-7117-41DB-8F30-FC04ECA818F6}.Release|x86.Build.0 = Release|Any CPU
		{35A9CD39-0141-49ED-89EC-AAEC65BBBD15}.Debug|Any CPU.ActiveCfg = Debug|Any CPU
		{35A9CD39-0141-49ED-89EC-AAEC65BBBD15}.Debug|Any CPU.Build.0 = Debug|Any CPU
		{35A9CD39-0141-49ED-89EC-AAEC65BBBD15}.Debug|x64.ActiveCfg = Debug|Any CPU
		{35A9CD39-0141-49ED-89EC-AAEC65BBBD15}.Debug|x64.Build.0 = Debug|Any CPU
		{35A9CD39-0141-49ED-89EC-AAEC65BBBD15}.Debug|x86.ActiveCfg = Debug|Any CPU
		{35A9CD39-0141-49ED-89EC-AAEC65BBBD15}.Debug|x86.Build.0 = Debug|Any CPU
		{35A9CD39-0141-49ED-89EC-AAEC65BBBD15}.Release|Any CPU.ActiveCfg = Release|Any CPU
		{35A9CD39-0141-49ED-89EC-AAEC65BBBD15}.Release|Any CPU.Build.0 = Release|Any CPU
		{35A9CD39-0141-49ED-89EC-AAEC65BBBD15}.Release|x64.ActiveCfg = Release|Any CPU
		{35A9CD39-0141-49ED-89EC-AAEC65BBBD15}.Release|x64.Build.0 = Release|Any CPU
		{35A9CD39-0141-49ED-89EC-AAEC65BBBD15}.Release|x86.ActiveCfg = Release|Any CPU
		{35A9CD39-0141-49ED-89EC-AAEC65BBBD15}.Release|x86.Build.0 = Release|Any CPU
		{CE3F2507-679F-4C52-BA1C-8270AF721C0C}.Debug|Any CPU.ActiveCfg = Debug|Any CPU
		{CE3F2507-679F-4C52-BA1C-8270AF721C0C}.Debug|Any CPU.Build.0 = Debug|Any CPU
		{CE3F2507-679F-4C52-BA1C-8270AF721C0C}.Debug|x64.ActiveCfg = Debug|Any CPU
		{CE3F2507-679F-4C52-BA1C-8270AF721C0C}.Debug|x64.Build.0 = Debug|Any CPU
		{CE3F2507-679F-4C52-BA1C-8270AF721C0C}.Debug|x86.ActiveCfg = Debug|Any CPU
		{CE3F2507-679F-4C52-BA1C-8270AF721C0C}.Debug|x86.Build.0 = Debug|Any CPU
		{CE3F2507-679F-4C52-BA1C-8270AF721C0C}.Release|Any CPU.ActiveCfg = Release|Any CPU
		{CE3F2507-679F-4C52-BA1C-8270AF721C0C}.Release|Any CPU.Build.0 = Release|Any CPU
		{CE3F2507-679F-4C52-BA1C-8270AF721C0C}.Release|x64.ActiveCfg = Release|Any CPU
		{CE3F2507-679F-4C52-BA1C-8270AF721C0C}.Release|x64.Build.0 = Release|Any CPU
		{CE3F2507-679F-4C52-BA1C-8270AF721C0C}.Release|x86.ActiveCfg = Release|Any CPU
		{CE3F2507-679F-4C52-BA1C-8270AF721C0C}.Release|x86.Build.0 = Release|Any CPU
	EndGlobalSection
	GlobalSection(SolutionProperties) = preSolution
		HideSolutionNode = FALSE
	EndGlobalSection
	GlobalSection(NestedProjects) = preSolution
		{A2EA8E5D-8C8B-4AF1-B5FE-AD8CBE37CC64} = {FF697B1B-D24B-46AA-91A4-F510CF3BBB57}
		{46DD4553-47F1-4AAC-BFB1-DB8AA9470093} = {93A70DE0-6882-471C-8C53-3E676C6D2224}
		{841BC697-7117-41DB-8F30-FC04ECA818F6} = {DCA17198-9867-4441-A6A3-C4068B7D4E0B}
		{35A9CD39-0141-49ED-89EC-AAEC65BBBD15} = {FF697B1B-D24B-46AA-91A4-F510CF3BBB57}
		{CE3F2507-679F-4C52-BA1C-8270AF721C0C} = {FF697B1B-D24B-46AA-91A4-F510CF3BBB57}
	EndGlobalSection
	GlobalSection(ExtensibilityGlobals) = postSolution
		SolutionGuid = {AB0153B5-4BD2-4A68-9463-6A52AA5C8DB2}
	EndGlobalSection
EndGlobal
